// !$*UTF8*$!
{
	archiveVersion = 1;
	classes = {
	};
	objectVersion = 46;
	objects = {

/* Begin PBXBuildFile section */
		6498E8321E4EEB6700760C1F /* Spotify.framework in Frameworks */ = {isa = PBXBuildFile; fileRef = 6498E8281E4EEB6700760C1F /* Spotify.framework */; };
		6498E8371E4EEB6700760C1F /* SpotifyTests.swift in Sources */ = {isa = PBXBuildFile; fileRef = 6498E8361E4EEB6700760C1F /* SpotifyTests.swift */; };
		6498E8391E4EEB6700760C1F /* Spotify.h in Headers */ = {isa = PBXBuildFile; fileRef = 6498E82B1E4EEB6700760C1F /* Spotify.h */; settings = {ATTRIBUTES = (Public, ); }; };
		6498E8461E4EEC4D00760C1F /* InternalNotification.swift in Sources */ = {isa = PBXBuildFile; fileRef = 6498E8421E4EEC4D00760C1F /* InternalNotification.swift */; };
		6498E8471E4EEC4D00760C1F /* PlayerState.swift in Sources */ = {isa = PBXBuildFile; fileRef = 6498E8431E4EEC4D00760C1F /* PlayerState.swift */; };
		6498E8481E4EEC4D00760C1F /* Spotify.swift in Sources */ = {isa = PBXBuildFile; fileRef = 6498E8441E4EEC4D00760C1F /* Spotify.swift */; };
		6498E8491E4EEC4D00760C1F /* Track.swift in Sources */ = {isa = PBXBuildFile; fileRef = 6498E8451E4EEC4D00760C1F /* Track.swift */; };
/* End PBXBuildFile section */

/* Begin PBXContainerItemProxy section */
		6498E8331E4EEB6700760C1F /* PBXContainerItemProxy */ = {
			isa = PBXContainerItemProxy;
			containerPortal = 6498E81F1E4EEB6700760C1F /* Project object */;
			proxyType = 1;
			remoteGlobalIDString = 6498E8271E4EEB6700760C1F;
			remoteInfo = Spotify;
		};
/* End PBXContainerItemProxy section */

/* Begin PBXFileReference section */
		6498E8281E4EEB6700760C1F /* Spotify.framework */ = {isa = PBXFileReference; explicitFileType = wrapper.framework; includeInIndex = 0; path = Spotify.framework; sourceTree = BUILT_PRODUCTS_DIR; };
		6498E82B1E4EEB6700760C1F /* Spotify.h */ = {isa = PBXFileReference; lastKnownFileType = sourcecode.c.h; path = Spotify.h; sourceTree = "<group>"; };
		6498E82C1E4EEB6700760C1F /* Info.plist */ = {isa = PBXFileReference; lastKnownFileType = text.plist.xml; path = Info.plist; sourceTree = "<group>"; };
		6498E8311E4EEB6700760C1F /* SpotifyTests.xctest */ = {isa = PBXFileReference; explicitFileType = wrapper.cfbundle; includeInIndex = 0; path = SpotifyTests.xctest; sourceTree = BUILT_PRODUCTS_DIR; };
		6498E8361E4EEB6700760C1F /* SpotifyTests.swift */ = {isa = PBXFileReference; lastKnownFileType = sourcecode.swift; path = SpotifyTests.swift; sourceTree = "<group>"; };
		6498E8381E4EEB6700760C1F /* Info.plist */ = {isa = PBXFileReference; lastKnownFileType = text.plist.xml; path = Info.plist; sourceTree = "<group>"; };
		6498E8421E4EEC4D00760C1F /* InternalNotification.swift */ = {isa = PBXFileReference; fileEncoding = 4; lastKnownFileType = sourcecode.swift; path = InternalNotification.swift; sourceTree = "<group>"; };
		6498E8431E4EEC4D00760C1F /* PlayerState.swift */ = {isa = PBXFileReference; fileEncoding = 4; lastKnownFileType = sourcecode.swift; path = PlayerState.swift; sourceTree = "<group>"; };
		6498E8441E4EEC4D00760C1F /* Spotify.swift */ = {isa = PBXFileReference; fileEncoding = 4; lastKnownFileType = sourcecode.swift; path = Spotify.swift; sourceTree = "<group>"; };
		6498E8451E4EEC4D00760C1F /* Track.swift */ = {isa = PBXFileReference; fileEncoding = 4; lastKnownFileType = sourcecode.swift; path = Track.swift; sourceTree = "<group>"; };
/* End PBXFileReference section */

/* Begin PBXFrameworksBuildPhase section */
		6498E8241E4EEB6700760C1F /* Frameworks */ = {
			isa = PBXFrameworksBuildPhase;
			buildActionMask = 2147483647;
			files = (
			);
			runOnlyForDeploymentPostprocessing = 0;
		};
		6498E82E1E4EEB6700760C1F /* Frameworks */ = {
			isa = PBXFrameworksBuildPhase;
			buildActionMask = 2147483647;
			files = (
				6498E8321E4EEB6700760C1F /* Spotify.framework in Frameworks */,
			);
			runOnlyForDeploymentPostprocessing = 0;
		};
/* End PBXFrameworksBuildPhase section */

/* Begin PBXGroup section */
		6498E81E1E4EEB6700760C1F = {
			isa = PBXGroup;
			children = (
				6498E82A1E4EEB6700760C1F /* Spotify */,
				6498E8351E4EEB6700760C1F /* SpotifyTests */,
				6498E8291E4EEB6700760C1F /* Products */,
			);
			sourceTree = "<group>";
		};
		6498E8291E4EEB6700760C1F /* Products */ = {
			isa = PBXGroup;
			children = (
				6498E8281E4EEB6700760C1F /* Spotify.framework */,
				6498E8311E4EEB6700760C1F /* SpotifyTests.xctest */,
			);
			name = Products;
			sourceTree = "<group>";
		};
		6498E82A1E4EEB6700760C1F /* Spotify */ = {
			isa = PBXGroup;
			children = (
				6498E84A1E4EEC6900760C1F /* Source */,
				6498E82B1E4EEB6700760C1F /* Spotify.h */,
				6498E82C1E4EEB6700760C1F /* Info.plist */,
			);
			path = Spotify;
			sourceTree = "<group>";
		};
		6498E8351E4EEB6700760C1F /* SpotifyTests */ = {
			isa = PBXGroup;
			children = (
				6498E8361E4EEB6700760C1F /* SpotifyTests.swift */,
				6498E8381E4EEB6700760C1F /* Info.plist */,
			);
			path = SpotifyTests;
			sourceTree = "<group>";
		};
		6498E84A1E4EEC6900760C1F /* Source */ = {
			isa = PBXGroup;
			children = (
				6498E8421E4EEC4D00760C1F /* InternalNotification.swift */,
				6498E8431E4EEC4D00760C1F /* PlayerState.swift */,
				6498E8441E4EEC4D00760C1F /* Spotify.swift */,
				6498E8451E4EEC4D00760C1F /* Track.swift */,
			);
			name = Source;
			sourceTree = "<group>";
		};
/* End PBXGroup section */

/* Begin PBXHeadersBuildPhase section */
		6498E8251E4EEB6700760C1F /* Headers */ = {
			isa = PBXHeadersBuildPhase;
			buildActionMask = 2147483647;
			files = (
				6498E8391E4EEB6700760C1F /* Spotify.h in Headers */,
			);
			runOnlyForDeploymentPostprocessing = 0;
		};
/* End PBXHeadersBuildPhase section */

/* Begin PBXNativeTarget section */
		6498E8271E4EEB6700760C1F /* Spotify */ = {
			isa = PBXNativeTarget;
			buildConfigurationList = 6498E83C1E4EEB6700760C1F /* Build configuration list for PBXNativeTarget "Spotify" */;
			buildPhases = (
				6498E8231E4EEB6700760C1F /* Sources */,
				6498E8241E4EEB6700760C1F /* Frameworks */,
				6498E8251E4EEB6700760C1F /* Headers */,
				6498E8261E4EEB6700760C1F /* Resources */,
			);
			buildRules = (
			);
			dependencies = (
			);
			name = Spotify;
			productName = Spotify;
			productReference = 6498E8281E4EEB6700760C1F /* Spotify.framework */;
			productType = "com.apple.product-type.framework";
		};
		6498E8301E4EEB6700760C1F /* SpotifyTests */ = {
			isa = PBXNativeTarget;
			buildConfigurationList = 6498E83F1E4EEB6700760C1F /* Build configuration list for PBXNativeTarget "SpotifyTests" */;
			buildPhases = (
				6498E82D1E4EEB6700760C1F /* Sources */,
				6498E82E1E4EEB6700760C1F /* Frameworks */,
				6498E82F1E4EEB6700760C1F /* Resources */,
			);
			buildRules = (
			);
			dependencies = (
				6498E8341E4EEB6700760C1F /* PBXTargetDependency */,
			);
			name = SpotifyTests;
			productName = SpotifyTests;
			productReference = 6498E8311E4EEB6700760C1F /* SpotifyTests.xctest */;
			productType = "com.apple.product-type.bundle.unit-test";
		};
/* End PBXNativeTarget section */

/* Begin PBXProject section */
		6498E81F1E4EEB6700760C1F /* Project object */ = {
			isa = PBXProject;
			attributes = {
				LastSwiftUpdateCheck = 0820;
				LastUpgradeCheck = 0900;
				TargetAttributes = {
					6498E8271E4EEB6700760C1F = {
						CreatedOnToolsVersion = 8.2.1;
						LastSwiftMigration = 0900;
						ProvisioningStyle = Automatic;
					};
					6498E8301E4EEB6700760C1F = {
						CreatedOnToolsVersion = 8.2.1;
						LastSwiftMigration = 0900;
						ProvisioningStyle = Automatic;
					};
				};
			};
			buildConfigurationList = 6498E8221E4EEB6700760C1F /* Build configuration list for PBXProject "Spotify" */;
			compatibilityVersion = "Xcode 3.2";
			developmentRegion = English;
			hasScannedForEncodings = 0;
			knownRegions = (
				en,
			);
			mainGroup = 6498E81E1E4EEB6700760C1F;
			productRefGroup = 6498E8291E4EEB6700760C1F /* Products */;
			projectDirPath = "";
			projectRoot = "";
			targets = (
				6498E8271E4EEB6700760C1F /* Spotify */,
				6498E8301E4EEB6700760C1F /* SpotifyTests */,
			);
		};
/* End PBXProject section */

/* Begin PBXResourcesBuildPhase section */
		6498E8261E4EEB6700760C1F /* Resources */ = {
			isa = PBXResourcesBuildPhase;
			buildActionMask = 2147483647;
			files = (
			);
			runOnlyForDeploymentPostprocessing = 0;
		};
		6498E82F1E4EEB6700760C1F /* Resources */ = {
			isa = PBXResourcesBuildPhase;
			buildActionMask = 2147483647;
			files = (
			);
			runOnlyForDeploymentPostprocessing = 0;
		};
/* End PBXResourcesBuildPhase section */

/* Begin PBXSourcesBuildPhase section */
		6498E8231E4EEB6700760C1F /* Sources */ = {
			isa = PBXSourcesBuildPhase;
			buildActionMask = 2147483647;
			files = (
				6498E8481E4EEC4D00760C1F /* Spotify.swift in Sources */,
				6498E8471E4EEC4D00760C1F /* PlayerState.swift in Sources */,
				6498E8461E4EEC4D00760C1F /* InternalNotification.swift in Sources */,
				6498E8491E4EEC4D00760C1F /* Track.swift in Sources */,
			);
			runOnlyForDeploymentPostprocessing = 0;
		};
		6498E82D1E4EEB6700760C1F /* Sources */ = {
			isa = PBXSourcesBuildPhase;
			buildActionMask = 2147483647;
			files = (
				6498E8371E4EEB6700760C1F /* SpotifyTests.swift in Sources */,
			);
			runOnlyForDeploymentPostprocessing = 0;
		};
/* End PBXSourcesBuildPhase section */

/* Begin PBXTargetDependency section */
		6498E8341E4EEB6700760C1F /* PBXTargetDependency */ = {
			isa = PBXTargetDependency;
			target = 6498E8271E4EEB6700760C1F /* Spotify */;
			targetProxy = 6498E8331E4EEB6700760C1F /* PBXContainerItemProxy */;
		};
/* End PBXTargetDependency section */

/* Begin XCBuildConfiguration section */
		6498E83A1E4EEB6700760C1F /* Debug */ = {
			isa = XCBuildConfiguration;
			buildSettings = {
				ALWAYS_SEARCH_USER_PATHS = NO;
				CLANG_ANALYZER_NONNULL = YES;
				CLANG_CXX_LANGUAGE_STANDARD = "gnu++0x";
				CLANG_CXX_LIBRARY = "libc++";
				CLANG_ENABLE_MODULES = YES;
				CLANG_ENABLE_OBJC_ARC = YES;
				CLANG_WARN_BLOCK_CAPTURE_AUTORELEASING = YES;
				CLANG_WARN_BOOL_CONVERSION = YES;
				CLANG_WARN_COMMA = YES;
				CLANG_WARN_CONSTANT_CONVERSION = YES;
				CLANG_WARN_DIRECT_OBJC_ISA_USAGE = YES_ERROR;
				CLANG_WARN_DOCUMENTATION_COMMENTS = YES;
				CLANG_WARN_EMPTY_BODY = YES;
				CLANG_WARN_ENUM_CONVERSION = YES;
				CLANG_WARN_INFINITE_RECURSION = YES;
				CLANG_WARN_INT_CONVERSION = YES;
				CLANG_WARN_NON_LITERAL_NULL_CONVERSION = YES;
				CLANG_WARN_OBJC_LITERAL_CONVERSION = YES;
				CLANG_WARN_OBJC_ROOT_CLASS = YES_ERROR;
				CLANG_WARN_RANGE_LOOP_ANALYSIS = YES;
				CLANG_WARN_STRICT_PROTOTYPES = YES;
				CLANG_WARN_SUSPICIOUS_MOVE = YES;
				CLANG_WARN_UNREACHABLE_CODE = YES;
				CLANG_WARN__DUPLICATE_METHOD_MATCH = YES;
				CODE_SIGN_IDENTITY = "-";
				COPY_PHASE_STRIP = NO;
				CURRENT_PROJECT_VERSION = 1;
				DEBUG_INFORMATION_FORMAT = dwarf;
				ENABLE_STRICT_OBJC_MSGSEND = YES;
				ENABLE_TESTABILITY = YES;
				GCC_C_LANGUAGE_STANDARD = gnu99;
				GCC_DYNAMIC_NO_PIC = NO;
				GCC_NO_COMMON_BLOCKS = YES;
				GCC_OPTIMIZATION_LEVEL = 0;
				GCC_PREPROCESSOR_DEFINITIONS = (
					"DEBUG=1",
					"$(inherited)",
				);
				GCC_WARN_64_TO_32_BIT_CONVERSION = YES;
				GCC_WARN_ABOUT_RETURN_TYPE = YES_ERROR;
				GCC_WARN_UNDECLARED_SELECTOR = YES;
				GCC_WARN_UNINITIALIZED_AUTOS = YES_AGGRESSIVE;
				GCC_WARN_UNUSED_FUNCTION = YES;
				GCC_WARN_UNUSED_VARIABLE = YES;
				MACOSX_DEPLOYMENT_TARGET = 10.12;
				MTL_ENABLE_DEBUG_INFO = YES;
				ONLY_ACTIVE_ARCH = YES;
				SDKROOT = macosx;
				SWIFT_ACTIVE_COMPILATION_CONDITIONS = DEBUG;
				SWIFT_OPTIMIZATION_LEVEL = "-Onone";
				SWIFT_SWIFT3_OBJC_INFERENCE = Off;
				VERSIONING_SYSTEM = "apple-generic";
				VERSION_INFO_PREFIX = "";
			};
			name = Debug;
		};
		6498E83B1E4EEB6700760C1F /* Release */ = {
			isa = XCBuildConfiguration;
			buildSettings = {
				ALWAYS_SEARCH_USER_PATHS = NO;
				CLANG_ANALYZER_NONNULL = YES;
				CLANG_CXX_LANGUAGE_STANDARD = "gnu++0x";
				CLANG_CXX_LIBRARY = "libc++";
				CLANG_ENABLE_MODULES = YES;
				CLANG_ENABLE_OBJC_ARC = YES;
				CLANG_WARN_BLOCK_CAPTURE_AUTORELEASING = YES;
				CLANG_WARN_BOOL_CONVERSION = YES;
				CLANG_WARN_COMMA = YES;
				CLANG_WARN_CONSTANT_CONVERSION = YES;
				CLANG_WARN_DIRECT_OBJC_ISA_USAGE = YES_ERROR;
				CLANG_WARN_DOCUMENTATION_COMMENTS = YES;
				CLANG_WARN_EMPTY_BODY = YES;
				CLANG_WARN_ENUM_CONVERSION = YES;
				CLANG_WARN_INFINITE_RECURSION = YES;
				CLANG_WARN_INT_CONVERSION = YES;
				CLANG_WARN_NON_LITERAL_NULL_CONVERSION = YES;
				CLANG_WARN_OBJC_LITERAL_CONVERSION = YES;
				CLANG_WARN_OBJC_ROOT_CLASS = YES_ERROR;
				CLANG_WARN_RANGE_LOOP_ANALYSIS = YES;
				CLANG_WARN_STRICT_PROTOTYPES = YES;
				CLANG_WARN_SUSPICIOUS_MOVE = YES;
				CLANG_WARN_UNREACHABLE_CODE = YES;
				CLANG_WARN__DUPLICATE_METHOD_MATCH = YES;
				CODE_SIGN_IDENTITY = "-";
				COPY_PHASE_STRIP = NO;
				CURRENT_PROJECT_VERSION = 1;
				DEBUG_INFORMATION_FORMAT = "dwarf-with-dsym";
				ENABLE_NS_ASSERTIONS = NO;
				ENABLE_STRICT_OBJC_MSGSEND = YES;
				GCC_C_LANGUAGE_STANDARD = gnu99;
				GCC_NO_COMMON_BLOCKS = YES;
				GCC_WARN_64_TO_32_BIT_CONVERSION = YES;
				GCC_WARN_ABOUT_RETURN_TYPE = YES_ERROR;
				GCC_WARN_UNDECLARED_SELECTOR = YES;
				GCC_WARN_UNINITIALIZED_AUTOS = YES_AGGRESSIVE;
				GCC_WARN_UNUSED_FUNCTION = YES;
				GCC_WARN_UNUSED_VARIABLE = YES;
				MACOSX_DEPLOYMENT_TARGET = 10.12;
				MTL_ENABLE_DEBUG_INFO = NO;
				SDKROOT = macosx;
				SWIFT_OPTIMIZATION_LEVEL = "-Owholemodule";
				SWIFT_SWIFT3_OBJC_INFERENCE = Off;
				VERSIONING_SYSTEM = "apple-generic";
				VERSION_INFO_PREFIX = "";
			};
			name = Release;
		};
		6498E83D1E4EEB6700760C1F /* Debug */ = {
			isa = XCBuildConfiguration;
			buildSettings = {
				CLANG_ENABLE_MODULES = YES;
				CODE_SIGN_IDENTITY = "";
				COMBINE_HIDPI_IMAGES = YES;
				DEFINES_MODULE = YES;
				DYLIB_COMPATIBILITY_VERSION = 1;
				DYLIB_CURRENT_VERSION = 1;
				DYLIB_INSTALL_NAME_BASE = "@rpath";
				FRAMEWORK_VERSION = A;
				INFOPLIST_FILE = Spotify/Info.plist;
				INSTALL_PATH = "$(LOCAL_LIBRARY_DIR)/Frameworks";
				LD_RUNPATH_SEARCH_PATHS = "$(inherited) @executable_path/../Frameworks @loader_path/Frameworks";
				MACOSX_DEPLOYMENT_TARGET = 10.10;
				PRODUCT_BUNDLE_IDENTIFIER = KM.Spotify;
				PRODUCT_NAME = "$(TARGET_NAME)";
				SKIP_INSTALL = YES;
				SWIFT_OPTIMIZATION_LEVEL = "-Onone";
				SWIFT_SWIFT3_OBJC_INFERENCE = On;
				SWIFT_VERSION = 4.0;
			};
			name = Debug;
		};
		6498E83E1E4EEB6700760C1F /* Release */ = {
			isa = XCBuildConfiguration;
			buildSettings = {
				CLANG_ENABLE_MODULES = YES;
				CODE_SIGN_IDENTITY = "";
				COMBINE_HIDPI_IMAGES = YES;
				DEFINES_MODULE = YES;
				DYLIB_COMPATIBILITY_VERSION = 1;
				DYLIB_CURRENT_VERSION = 1;
				DYLIB_INSTALL_NAME_BASE = "@rpath";
				FRAMEWORK_VERSION = A;
				INFOPLIST_FILE = Spotify/Info.plist;
				INSTALL_PATH = "$(LOCAL_LIBRARY_DIR)/Frameworks";
				LD_RUNPATH_SEARCH_PATHS = "$(inherited) @executable_path/../Frameworks @loader_path/Frameworks";
				MACOSX_DEPLOYMENT_TARGET = 10.10;
				PRODUCT_BUNDLE_IDENTIFIER = KM.Spotify;
				PRODUCT_NAME = "$(TARGET_NAME)";
				SKIP_INSTALL = YES;
				SWIFT_SWIFT3_OBJC_INFERENCE = On;
				SWIFT_VERSION = 4.0;
			};
			name = Release;
		};
		6498E8401E4EEB6700760C1F /* Debug */ = {
			isa = XCBuildConfiguration;
			buildSettings = {
				ALWAYS_EMBED_SWIFT_STANDARD_LIBRARIES = YES;
				COMBINE_HIDPI_IMAGES = YES;
				INFOPLIST_FILE = SpotifyTests/Info.plist;
				LD_RUNPATH_SEARCH_PATHS = "$(inherited) @executable_path/../Frameworks @loader_path/../Frameworks";
				PRODUCT_BUNDLE_IDENTIFIER = KM.SpotifyTests;
				PRODUCT_NAME = "$(TARGET_NAME)";
				SWIFT_SWIFT3_OBJC_INFERENCE = On;
				SWIFT_VERSION = 4.0;
			};
			name = Debug;
		};
		6498E8411E4EEB6700760C1F /* Release */ = {
			isa = XCBuildConfiguration;
			buildSettings = {
				ALWAYS_EMBED_SWIFT_STANDARD_LIBRARIES = YES;
				COMBINE_HIDPI_IMAGES = YES;
				INFOPLIST_FILE = SpotifyTests/Info.plist;
				LD_RUNPATH_SEARCH_PATHS = "$(inherited) @executable_path/../Frameworks @loader_path/../Frameworks";
				PRODUCT_BUNDLE_IDENTIFIER = KM.SpotifyTests;
				PRODUCT_NAME = "$(TARGET_NAME)";
				SWIFT_SWIFT3_OBJC_INFERENCE = On;
				SWIFT_VERSION = 4.0;
			};
			name = Release;
		};
/* End XCBuildConfiguration section */

/* Begin XCConfigurationList section */
		6498E8221E4EEB6700760C1F /* Build configuration list for PBXProject "Spotify" */ = {
			isa = XCConfigurationList;
			buildConfigurations = (
				6498E83A1E4EEB6700760C1F /* Debug */,
				6498E83B1E4EEB6700760C1F /* Release */,
			);
			defaultConfigurationIsVisible = 0;
			defaultConfigurationName = Release;
		};
		6498E83C1E4EEB6700760C1F /* Build configuration list for PBXNativeTarget "Spotify" */ = {
			isa = XCConfigurationList;
			buildConfigurations = (
				6498E83D1E4EEB6700760C1F /* Debug */,
				6498E83E1E4EEB6700760C1F /* Release */,
			);
			defaultConfigurationIsVisible = 0;
			defaultConfigurationName = Release;
		};
		6498E83F1E4EEB6700760C1F /* Build configuration list for PBXNativeTarget "SpotifyTests" */ = {
			isa = XCConfigurationList;
			buildConfigurations = (
				6498E8401E4EEB6700760C1F /* Debug */,
				6498E8411E4EEB6700760C1F /* Release */,
			);
			defaultConfigurationIsVisible = 0;
			defaultConfigurationName = Release;
		};
/* End XCConfigurationList section */
	};
	rootObject = 6498E81F1E4EEB6700760C1F /* Project object */;
}
